// !$*UTF8*$!
{
	archiveVersion = 1;
	classes = {
	};
	objectVersion = 56;
	objects = {

/* Begin PBXBuildFile section */
		ABC260158D0BBF292E8DDAB3 /* TaskPadApp.swift in Sources */ = {isa = PBXBuildFile; fileRef = C3C9E11705686B0FA76127EE /* TaskPadApp.swift */; };
		93D3937FD853B410871843B0 /* TaskList.swift in Sources */ = {isa = PBXBuildFile; fileRef = 11A292BEF32DF3D48A3EED6E /* TaskList.swift */; };
		981362E0D92E201EBB758D99 /* TaskItem.swift in Sources */ = {isa = PBXBuildFile; fileRef = CF611DC9E9903C6497E68424 /* TaskItem.swift */; };
		061B23F7E0C7F6B1A5E6E138 /* SidebarItem.swift in Sources */ = {isa = PBXBuildFile; fileRef = 1BDFFB0EB71E814D0DF36A3B /* SidebarItem.swift */; };
		071BBDA66CC4E9DD664D69E8 /* ListColor.swift in Sources */ = {isa = PBXBuildFile; fileRef = 2EF21D751A49C7EF86E156AE /* ListColor.swift */; };
		6D01DA78E8D593D7E67F0518 /* ContentView.swift in Sources */ = {isa = PBXBuildFile; fileRef = E51BEC5C649A586D03B0159D /* ContentView.swift */; };
		5180D0A011B55D7BE36F5781 /* SidebarView.swift in Sources */ = {isa = PBXBuildFile; fileRef = 5C73EC5DDE2E39A38C9E5448 /* SidebarView.swift */; };
		12396FA9D5B5B6813E3FDAE0 /* ListEditSheet.swift in Sources */ = {isa = PBXBuildFile; fileRef = A195350ABE7EA5E886844C06 /* ListEditSheet.swift */; };
		07E74B7154609004F895A9C5 /* TaskListView.swift in Sources */ = {isa = PBXBuildFile; fileRef = 5BFA65F10F89BF0298AC7D52 /* TaskListView.swift */; };
		06CBA72505E32AF2D265D3ED /* TaskRowView.swift in Sources */ = {isa = PBXBuildFile; fileRef = DC900E6892EC1518647712B6 /* TaskRowView.swift */; };
		F9486DF823B6E810740677F3 /* TaskEditSheet.swift in Sources */ = {isa = PBXBuildFile; fileRef = 08C10213517FA638D6F4D462 /* TaskEditSheet.swift */; };
		42AD739E95A2D82D6447E2A8 /* Assets.xcassets in Resources */ = {isa = PBXBuildFile; fileRef = F2AAA257B62FC075F0A11CCE /* Assets.xcassets */; };
/* End PBXBuildFile section */

/* Begin PBXFileReference section */
		2F2A9D5D93BF5A57546F92F9 /* TaskPad.app */ = {isa = PBXFileReference; explicitFileType = wrapper.application; includeInIndex = 0; path = TaskPad.app; sourceTree = BUILT_PRODUCTS_DIR; };
		C3C9E11705686B0FA76127EE /* TaskPadApp.swift */ = {isa = PBXFileReference; lastKnownFileType = sourcecode.swift; path = TaskPadApp.swift; sourceTree = "<group>"; };
		11A292BEF32DF3D48A3EED6E /* TaskList.swift */ = {isa = PBXFileReference; lastKnownFileType = sourcecode.swift; path = TaskList.swift; sourceTree = "<group>"; };
		CF611DC9E9903C6497E68424 /* TaskItem.swift */ = {isa = PBXFileReference; lastKnownFileType = sourcecode.swift; path = TaskItem.swift; sourceTree = "<group>"; };
		1BDFFB0EB71E814D0DF36A3B /* SidebarItem.swift */ = {isa = PBXFileReference; lastKnownFileType = sourcecode.swift; path = SidebarItem.swift; sourceTree = "<group>"; };
		2EF21D751A49C7EF86E156AE /* ListColor.swift */ = {isa = PBXFileReference; lastKnownFileType = sourcecode.swift; path = ListColor.swift; sourceTree = "<group>"; };
		E51BEC5C649A586D03B0159D /* ContentView.swift */ = {isa = PBXFileReference; lastKnownFileType = sourcecode.swift; path = ContentView.swift; sourceTree = "<group>"; };
		5C73EC5DDE2E39A38C9E5448 /* SidebarView.swift */ = {isa = PBXFileReference; lastKnownFileType = sourcecode.swift; path = SidebarView.swift; sourceTree = "<group>"; };
		A195350ABE7EA5E886844C06 /* ListEditSheet.swift */ = {isa = PBXFileReference; lastKnownFileType = sourcecode.swift; path = ListEditSheet.swift; sourceTree = "<group>"; };
		5BFA65F10F89BF0298AC7D52 /* TaskListView.swift */ = {isa = PBXFileReference; lastKnownFileType = sourcecode.swift; path = TaskListView.swift; sourceTree = "<group>"; };
		DC900E6892EC1518647712B6 /* TaskRowView.swift */ = {isa = PBXFileReference; lastKnownFileType = sourcecode.swift; path = TaskRowView.swift; sourceTree = "<group>"; };
		08C10213517FA638D6F4D462 /* TaskEditSheet.swift */ = {isa = PBXFileReference; lastKnownFileType = sourcecode.swift; path = TaskEditSheet.swift; sourceTree = "<group>"; };
		F2AAA257B62FC075F0A11CCE /* Assets.xcassets */ = {isa = PBXFileReference; lastKnownFileType = folder.assetcatalog; path = Assets.xcassets; sourceTree = "<group>"; };
/* End PBXFileReference section */

/* Begin PBXFrameworksBuildPhase section */
		18B733742CAC3E9A078B1B45 /* Frameworks */ = {
			isa = PBXFrameworksBuildPhase;
			buildActionMask = 2147483647;
			files = (
			);
			runOnlyForDeploymentPostprocessing = 0;
		};
/* End PBXFrameworksBuildPhase section */

/* Begin PBXGroup section */
		862F82CBF55BA3B7EB210B1F = {
			isa = PBXGroup;
			children = (
				7C63051A932030C53BF9F1FB /* TaskPad */,
				62B104A3A28940A37FF1635B /* Products */,
			);
			sourceTree = "<group>";
		};
		62B104A3A28940A37FF1635B /* Products */ = {
			isa = PBXGroup;
			children = (
				2F2A9D5D93BF5A57546F92F9 /* TaskPad.app */,
			);
			name = Products;
			sourceTree = "<group>";
		};
		7C63051A932030C53BF9F1FB /* TaskPad */ = {
			isa = PBXGroup;
			children = (
				C3C9E11705686B0FA76127EE /* TaskPadApp.swift */,
				6354CAF6FF6C908BF123B824 /* Models */,
				714C698B723CEA36CDF7C37A /* Views */,
				F2AAA257B62FC075F0A11CCE /* Assets.xcassets */,
			);
			path = TaskPad;
			sourceTree = "<group>";
		};
		6354CAF6FF6C908BF123B824 /* Models */ = {
			isa = PBXGroup;
			children = (
				11A292BEF32DF3D48A3EED6E /* TaskList.swift */,
				CF611DC9E9903C6497E68424 /* TaskItem.swift */,
			);
			path = Models;
			sourceTree = "<group>";
		};
		714C698B723CEA36CDF7C37A /* Views */ = {
			isa = PBXGroup;
			children = (
				1BDFFB0EB71E814D0DF36A3B /* SidebarItem.swift */,
				2EF21D751A49C7EF86E156AE /* ListColor.swift */,
				E51BEC5C649A586D03B0159D /* ContentView.swift */,
				5C73EC5DDE2E39A38C9E5448 /* SidebarView.swift */,
				A195350ABE7EA5E886844C06 /* ListEditSheet.swift */,
				5BFA65F10F89BF0298AC7D52 /* TaskListView.swift */,
				DC900E6892EC1518647712B6 /* TaskRowView.swift */,
				08C10213517FA638D6F4D462 /* TaskEditSheet.swift */,
			);
			path = Views;
			sourceTree = "<group>";
		};
/* End PBXGroup section */

/* Begin PBXNativeTarget section */
		AE60FDC830E6ED79C9A35341 /* TaskPad */ = {
			isa = PBXNativeTarget;
			buildConfigurationList = 6E368B58D5C1B2194E2DCE41 /* Build configuration list for PBXNativeTarget "TaskPad" */;
			buildPhases = (
				ACD232AEE353B7AC6C8D4EBB /* Sources */,
				18B733742CAC3E9A078B1B45 /* Frameworks */,
				6D7886D9CC7195B1B267E2CF /* Resources */,
			);
			buildRules = (
			);
			dependencies = (
			);
			name = TaskPad;
			productName = TaskPad;
			productReference = 2F2A9D5D93BF5A57546F92F9 /* TaskPad.app */;
			productType = "com.apple.product-type.application";
		};
/* End PBXNativeTarget section */

/* Begin PBXProject section */
		DEEE13793D661D4BBED0A079 /* Project object */ = {
			isa = PBXProject;
			attributes = {
				BuildIndependentTargetsInParallel = 1;
				LastSwiftUpdateCheck = 1520;
				LastUpgradeCheck = 1520;
				TargetAttributes = {
					AE60FDC830E6ED79C9A35341 = {
						CreatedOnToolsVersion = 15.2;
					};
				};
			};
			buildConfigurationList = 28473C7BF72B848E8728642C /* Build configuration list for PBXProject "TaskPad" */;
			compatibilityVersion = "Xcode 14.0";
			developmentRegion = en;
			hasScannedForEncodings = 0;
			knownRegions = (
				en,
				Base,
			);
			mainGroup = 862F82CBF55BA3B7EB210B1F;
			productRefGroup = 62B104A3A28940A37FF1635B /* Products */;
			projectDirPath = "";
			projectRoot = "";
			targets = (
				AE60FDC830E6ED79C9A35341 /* TaskPad */,
			);
		};
/* End PBXProject section */

/* Begin PBXResourcesBuildPhase section */
		6D7886D9CC7195B1B267E2CF /* Resources */ = {
			isa = PBXResourcesBuildPhase;
			buildActionMask = 2147483647;
			files = (
				42AD739E95A2D82D6447E2A8 /* Assets.xcassets in Resources */,
			);
			runOnlyForDeploymentPostprocessing = 0;
		};
/* End PBXResourcesBuildPhase section */

/* Begin PBXSourcesBuildPhase section */
		ACD232AEE353B7AC6C8D4EBB /* Sources */ = {
			isa = PBXSourcesBuildPhase;
			buildActionMask = 2147483647;
			files = (
				ABC260158D0BBF292E8DDAB3 /* TaskPadApp.swift in Sources */,
				93D3937FD853B410871843B0 /* TaskList.swift in Sources */,
				981362E0D92E201EBB758D99 /* TaskItem.swift in Sources */,
				061B23F7E0C7F6B1A5E6E138 /* SidebarItem.swift in Sources */,
				071BBDA66CC4E9DD664D69E8 /* ListColor.swift in Sources */,
				6D01DA78E8D593D7E67F0518 /* ContentView.swift in Sources */,
				5180D0A011B55D7BE36F5781 /* SidebarView.swift in Sources */,
				12396FA9D5B5B6813E3FDAE0 /* ListEditSheet.swift in Sources */,
				07E74B7154609004F895A9C5 /* TaskListView.swift in Sources */,
				06CBA72505E32AF2D265D3ED /* TaskRowView.swift in Sources */,
				F9486DF823B6E810740677F3 /* TaskEditSheet.swift in Sources */,
			);
			runOnlyForDeploymentPostprocessing = 0;
		};
/* End PBXSourcesBuildPhase section */

/* Begin XCBuildConfiguration section */
		0B9E458D9D8CDE72D22634A8 /* Debug */ = {
			isa = XCBuildConfiguration;
			buildSettings = {
				ALWAYS_SEARCH_USER_PATHS = NO;
				CLANG_ANALYZER_NONNULL = YES;
				CLANG_ANALYZER_NUMBER_OBJECT_CONVERSION = YES_AGGRESSIVE;
				CLANG_CXX_LANGUAGE_STANDARD = "gnu++20";
				CLANG_ENABLE_MODULES = YES;
				CLANG_ENABLE_OBJC_ARC = YES;
				CLANG_ENABLE_OBJC_WEAK = YES;
				CLANG_WARN_BLOCK_CAPTURE_AUTORELEASING = YES;
				CLANG_WARN_BOOL_CONVERSION = YES;
				CLANG_WARN_COMMA = YES;
				CLANG_WARN_CONSTANT_CONVERSION = YES;
				CLANG_WARN_DEPRECATED_OBJC_IMPLEMENTATIONS = YES;
				CLANG_WARN_DIRECT_OBJC_ISA_USAGE = YES_ERROR;
				CLANG_WARN_DOCUMENTATION_COMMENTS = YES;
				CLANG_WARN_EMPTY_BODY = YES;
				CLANG_WARN_ENUM_CONVERSION = YES;
				CLANG_WARN_INFINITE_RECURSION = YES;
				CLANG_WARN_INT_CONVERSION = YES;
				CLANG_WARN_NON_LITERAL_NULL_CONVERSION = YES;
				CLANG_WARN_OBJC_IMPLICIT_RETAIN_SELF = YES;
				CLANG_WARN_OBJC_LITERAL_CONVERSION = YES;
				CLANG_WARN_OBJC_ROOT_CLASS = YES_ERROR;
				CLANG_WARN_QUOTED_INCLUDE_IN_FRAMEWORK_HEADER = YES;
				CLANG_WARN_RANGE_LOOP_ANALYSIS = YES;
				CLANG_WARN_STRICT_PROTOTYPES = YES;
				CLANG_WARN_SUSPICIOUS_MOVE = YES;
				CLANG_WARN_UNGUARDED_AVAILABILITY = YES_AGGRESSIVE;
				CLANG_WARN_UNREACHABLE_CODE = YES;
				CLANG_WARN__DUPLICATE_METHOD_MATCH = YES;
				COPY_PHASE_STRIP = NO;
				DEBUG_INFORMATION_FORMAT = dwarf;
				ENABLE_STRICT_OBJC_MSGSEND = YES;
				ENABLE_TESTABILITY = YES;
				ENABLE_USER_SCRIPT_SANDBOXING = YES;
				GCC_C_LANGUAGE_STANDARD = gnu17;
				GCC_DYNAMIC_NO_PIC = NO;
				GCC_NO_COMMON_BLOCKS = YES;
				GCC_OPTIMIZATION_LEVEL = 0;
				GCC_PREPROCESSOR_DEFINITIONS = (
					"DEBUG=1",
					"$(inherited)",
				);
				GCC_WARN_64_TO_32_BIT_CONVERSION = YES;
				GCC_WARN_ABOUT_RETURN_TYPE = YES_ERROR;
				GCC_WARN_UNDECLARED_SELECTOR = YES;
				GCC_WARN_UNINITIALIZED_AUTOS = YES_AGGRESSIVE;
				GCC_WARN_UNUSED_FUNCTION = YES;
				GCC_WARN_UNUSED_VARIABLE = YES;
				IPHONEOS_DEPLOYMENT_TARGET = 17.0;
				MTL_ENABLE_DEBUG_INFO = INCLUDE_SOURCE;
				MTL_FAST_MATH = YES;
				ONLY_ACTIVE_ARCH = YES;
				SDKROOT = iphoneos;
				SWIFT_ACTIVE_COMPILATION_CONDITIONS = DEBUG;
				SWIFT_OPTIMIZATION_LEVEL = "-Onone";
			};
			name = Debug;
		};
		60682231B33E138D72B718AA /* Release */ = {
			isa = XCBuildConfiguration;
			buildSettings = {
				ALWAYS_SEARCH_USER_PATHS = NO;
				CLANG_ANALYZER_NONNULL = YES;
				CLANG_ANALYZER_NUMBER_OBJECT_CONVERSION = YES_AGGRESSIVE;
				CLANG_CXX_LANGUAGE_STANDARD = "gnu++20";
				CLANG_ENABLE_MODULES = YES;
				CLANG_ENABLE_OBJC_ARC = YES;
				CLANG_ENABLE_OBJC_WEAK = YES;
				CLANG_WARN_BLOCK_CAPTURE_AUTORELEASING = YES;
				CLANG_WARN_BOOL_CONVERSION = YES;
				CLANG_WARN_COMMA = YES;
				CLANG_WARN_CONSTANT_CONVERSION = YES;
				CLANG_WARN_DEPRECATED_OBJC_IMPLEMENTATIONS = YES;
				CLANG_WARN_DIRECT_OBJC_ISA_USAGE = YES_ERROR;
				CLANG_WARN_DOCUMENTATION_COMMENTS = YES;
				CLANG_WARN_EMPTY_BODY = YES;
				CLANG_WARN_ENUM_CONVERSION = YES;
				CLANG_WARN_INFINITE_RECURSION = YES;
				CLANG_WARN_INT_CONVERSION = YES;
				CLANG_WARN_NON_LITERAL_NULL_CONVERSION = YES;
				CLANG_WARN_OBJC_IMPLICIT_RETAIN_SELF = YES;
				CLANG_WARN_OBJC_LITERAL_CONVERSION = YES;
				CLANG_WARN_OBJC_ROOT_CLASS = YES_ERROR;
				CLANG_WARN_QUOTED_INCLUDE_IN_FRAMEWORK_HEADER = YES;
				CLANG_WARN_RANGE_LOOP_ANALYSIS = YES;
				CLANG_WARN_STRICT_PROTOTYPES = YES;
				CLANG_WARN_SUSPICIOUS_MOVE = YES;
				CLANG_WARN_UNGUARDED_AVAILABILITY = YES_AGGRESSIVE;
				CLANG_WARN_UNREACHABLE_CODE = YES;
				CLANG_WARN__DUPLICATE_METHOD_MATCH = YES;
				COPY_PHASE_STRIP = NO;
				DEBUG_INFORMATION_FORMAT = "dwarf-with-dsym";
				ENABLE_NS_ASSERTIONS = NO;
				ENABLE_STRICT_OBJC_MSGSEND = YES;
				ENABLE_USER_SCRIPT_SANDBOXING = YES;
				GCC_C_LANGUAGE_STANDARD = gnu17;
				GCC_NO_COMMON_BLOCKS = YES;
				GCC_WARN_64_TO_32_BIT_CONVERSION = YES;
				GCC_WARN_ABOUT_RETURN_TYPE = YES_ERROR;
				GCC_WARN_UNDECLARED_SELECTOR = YES;
				GCC_WARN_UNINITIALIZED_AUTOS = YES_AGGRESSIVE;
				GCC_WARN_UNUSED_FUNCTION = YES;
				GCC_WARN_UNUSED_VARIABLE = YES;
				IPHONEOS_DEPLOYMENT_TARGET = 17.0;
				MTL_ENABLE_DEBUG_INFO = NO;
				MTL_FAST_MATH = YES;
				SDKROOT = iphoneos;
				SWIFT_COMPILATION_MODE = wholemodule;
				VALIDATE_PRODUCT = YES;
			};
			name = Release;
		};
		CC43E5FEBDF5D7A439FC509A /* Debug */ = {
			isa = XCBuildConfiguration;
			buildSettings = {
				ASSETCATALOG_COMPILER_APPICON_NAME = AppIcon;
				ASSETCATALOG_COMPILER_GLOBAL_ACCENT_COLOR_NAME = AccentColor;
				ASSETCATALOG_COMPILER_INCLUDE_ALL_APPICON_ASSETS = NO;
				CODE_SIGN_STYLE = Automatic;
				CURRENT_PROJECT_VERSION = 1;
				DEVELOPMENT_ASSET_PATHS = "";
				ENABLE_PREVIEWS = YES;
				GENERATE_INFOPLIST_FILE = YES;
				INFOPLIST_KEY_CFBundleDisplayName = TaskPad;
				INFOPLIST_KEY_UIApplicationSceneManifest_Generation = YES;
				INFOPLIST_KEY_UIApplicationSupportsIndirectInputEvents = YES;
				INFOPLIST_KEY_UILaunchScreen_Generation = YES;
				INFOPLIST_KEY_UIStatusBarStyle = UIStatusBarStyleDefault;
				INFOPLIST_KEY_UISupportedInterfaceOrientations~ipad = "UIInterfaceOrientationPortrait UIInterfaceOrientationPortraitUpsideDown UIInterfaceOrientationLandscapeLeft UIInterfaceOrientationLandscapeRight";
				LD_RUNPATH_SEARCH_PATHS = (
					"$(inherited)",
					"@executable_path/Frameworks",
				);
				MARKETING_VERSION = 1.0;
				PRODUCT_BUNDLE_IDENTIFIER = com.fracata00.TaskPad;
				PRODUCT_NAME = "$(TARGET_NAME)";
				SWIFT_EMIT_LOC_STRINGS = YES;
				SWIFT_VERSION = 5.0;
				TARGETED_DEVICE_FAMILY = 2;
			};
			name = Debug;
		};
		A1FD5D29D3527BF6EC737D6C /* Release */ = {
			isa = XCBuildConfiguration;
			buildSettings = {
				ASSETCATALOG_COMPILER_APPICON_NAME = AppIcon;
				ASSETCATALOG_COMPILER_GLOBAL_ACCENT_COLOR_NAME = AccentColor;
				ASSETCATALOG_COMPILER_INCLUDE_ALL_APPICON_ASSETS = NO;
				CODE_SIGN_STYLE = Automatic;
				CURRENT_PROJECT_VERSION = 1;
				DEVELOPMENT_ASSET_PATHS = "";
				ENABLE_PREVIEWS = YES;
				GENERATE_INFOPLIST_FILE = YES;
				INFOPLIST_KEY_CFBundleDisplayName = TaskPad;
				INFOPLIST_KEY_UIApplicationSceneManifest_Generation = YES;
				INFOPLIST_KEY_UIApplicationSupportsIndirectInputEvents = YES;
				INFOPLIST_KEY_UILaunchScreen_Generation = YES;
				INFOPLIST_KEY_UIStatusBarStyle = UIStatusBarStyleDefault;
				INFOPLIST_KEY_UISupportedInterfaceOrientations~ipad = "UIInterfaceOrientationPortrait UIInterfaceOrientationPortraitUpsideDown UIInterfaceOrientationLandscapeLeft UIInterfaceOrientationLandscapeRight";
				LD_RUNPATH_SEARCH_PATHS = (
					"$(inherited)",
					"@executable_path/Frameworks",
				);
				MARKETING_VERSION = 1.0;
				PRODUCT_BUNDLE_IDENTIFIER = com.fracata00.TaskPad;
				PRODUCT_NAME = "$(TARGET_NAME)";
				SWIFT_EMIT_LOC_STRINGS = YES;
				SWIFT_VERSION = 5.0;
				TARGETED_DEVICE_FAMILY = 2;
			};
			name = Release;
		};
/* End XCBuildConfiguration section */

/* Begin XCConfigurationList section */
		28473C7BF72B848E8728642C /* Build configuration list for PBXProject "TaskPad" */ = {
			isa = XCConfigurationList;
			buildConfigurations = (
				0B9E458D9D8CDE72D22634A8 /* Debug */,
				60682231B33E138D72B718AA /* Release */,
			);
			defaultConfigurationIsVisible = 0;
			defaultConfigurationName = Release;
		};
		6E368B58D5C1B2194E2DCE41 /* Build configuration list for PBXNativeTarget "TaskPad" */ = {
			isa = XCConfigurationList;
			buildConfigurations = (
				CC43E5FEBDF5D7A439FC509A /* Debug */,
				A1FD5D29D3527BF6EC737D6C /* Release */,
			);
			defaultConfigurationIsVisible = 0;
			defaultConfigurationName = Release;
		};
/* End XCConfigurationList section */

	};
	rootObject = DEEE13793D661D4BBED0A079 /* Project object */;
}
