// !$*UTF8*$!
{
	archiveVersion = 1;
	classes = {
	};
	objectVersion = 56;
	objects = {

/* Begin PBXBuildFile section */
		779BE5042254D40C2F5807FF /* TaskOSApp.swift in Sources */ = {isa = PBXBuildFile; fileRef = 1505968319F5A57D86DEA533 /* TaskOSApp.swift */; };
		13433CB416A3DDA9659C4DE7 /* TaskList.swift in Sources */ = {isa = PBXBuildFile; fileRef = 8CF56E4A4C72020ADEB1157B /* TaskList.swift */; };
		E859F723477CE22E76DDE7AD /* TaskItem.swift in Sources */ = {isa = PBXBuildFile; fileRef = 7B9ECAE9439F696A0DC7EB93 /* TaskItem.swift */; };
		723B44E2B0F5CBA3625329BC /* SidebarItem.swift in Sources */ = {isa = PBXBuildFile; fileRef = 0A97951B591DBE91F7BF0CD3 /* SidebarItem.swift */; };
		FA7E75382CCF2382A1042F43 /* ListColor.swift in Sources */ = {isa = PBXBuildFile; fileRef = 525415B7B8DA34A696A48D63 /* ListColor.swift */; };
		67BC55B2FAD8CDCEA43BD9B9 /* ContentView.swift in Sources */ = {isa = PBXBuildFile; fileRef = E4578FE83070D6CE72AB2221 /* ContentView.swift */; };
		A2F91B8A54FBF3DCA916BBB0 /* SidebarView.swift in Sources */ = {isa = PBXBuildFile; fileRef = 9D22D39E5F858793F0CDC5B7 /* SidebarView.swift */; };
		54B098014C48F35D1ED74DC8 /* ListEditSheet.swift in Sources */ = {isa = PBXBuildFile; fileRef = FC08147F485DEBE852D40631 /* ListEditSheet.swift */; };
		23D7386023AC45CB66D0F4C4 /* TaskListView.swift in Sources */ = {isa = PBXBuildFile; fileRef = 4ED53807CC3D5FBAA6C6FE4C /* TaskListView.swift */; };
		A321C284D0378CDC82E2F6CA /* TaskRowView.swift in Sources */ = {isa = PBXBuildFile; fileRef = 08A7528CB4A651B087138D0E /* TaskRowView.swift */; };
		D9E737F60621DB599BF03F67 /* TaskEditSheet.swift in Sources */ = {isa = PBXBuildFile; fileRef = AAE4A7C8BCFDD4AD868906C3 /* TaskEditSheet.swift */; };
		7DFBAFF956D40121E8A52E9E /* Assets.xcassets in Resources */ = {isa = PBXBuildFile; fileRef = 7BD4D4D34A5D1860D27BA84F /* Assets.xcassets */; };
/* End PBXBuildFile section */

/* Begin PBXFileReference section */
		1B1EA69011F505A227E5423D /* TaskOS.app */ = {isa = PBXFileReference; explicitFileType = wrapper.application; includeInIndex = 0; path = TaskOS.app; sourceTree = BUILT_PRODUCTS_DIR; };
		1505968319F5A57D86DEA533 /* TaskOSApp.swift */ = {isa = PBXFileReference; lastKnownFileType = sourcecode.swift; path = TaskOSApp.swift; sourceTree = "<group>"; };
		8CF56E4A4C72020ADEB1157B /* TaskList.swift */ = {isa = PBXFileReference; lastKnownFileType = sourcecode.swift; path = TaskList.swift; sourceTree = "<group>"; };
		7B9ECAE9439F696A0DC7EB93 /* TaskItem.swift */ = {isa = PBXFileReference; lastKnownFileType = sourcecode.swift; path = TaskItem.swift; sourceTree = "<group>"; };
		0A97951B591DBE91F7BF0CD3 /* SidebarItem.swift */ = {isa = PBXFileReference; lastKnownFileType = sourcecode.swift; path = SidebarItem.swift; sourceTree = "<group>"; };
		525415B7B8DA34A696A48D63 /* ListColor.swift */ = {isa = PBXFileReference; lastKnownFileType = sourcecode.swift; path = ListColor.swift; sourceTree = "<group>"; };
		E4578FE83070D6CE72AB2221 /* ContentView.swift */ = {isa = PBXFileReference; lastKnownFileType = sourcecode.swift; path = ContentView.swift; sourceTree = "<group>"; };
		9D22D39E5F858793F0CDC5B7 /* SidebarView.swift */ = {isa = PBXFileReference; lastKnownFileType = sourcecode.swift; path = SidebarView.swift; sourceTree = "<group>"; };
		FC08147F485DEBE852D40631 /* ListEditSheet.swift */ = {isa = PBXFileReference; lastKnownFileType = sourcecode.swift; path = ListEditSheet.swift; sourceTree = "<group>"; };
		4ED53807CC3D5FBAA6C6FE4C /* TaskListView.swift */ = {isa = PBXFileReference; lastKnownFileType = sourcecode.swift; path = TaskListView.swift; sourceTree = "<group>"; };
		08A7528CB4A651B087138D0E /* TaskRowView.swift */ = {isa = PBXFileReference; lastKnownFileType = sourcecode.swift; path = TaskRowView.swift; sourceTree = "<group>"; };
		AAE4A7C8BCFDD4AD868906C3 /* TaskEditSheet.swift */ = {isa = PBXFileReference; lastKnownFileType = sourcecode.swift; path = TaskEditSheet.swift; sourceTree = "<group>"; };
		7BD4D4D34A5D1860D27BA84F /* Assets.xcassets */ = {isa = PBXFileReference; lastKnownFileType = folder.assetcatalog; path = Assets.xcassets; sourceTree = "<group>"; };
/* End PBXFileReference section */

/* Begin PBXFrameworksBuildPhase section */
		3761133BC518C0F622CCC6C9 /* Frameworks */ = {
			isa = PBXFrameworksBuildPhase;
			buildActionMask = 2147483647;
			files = (
			);
			runOnlyForDeploymentPostprocessing = 0;
		};
/* End PBXFrameworksBuildPhase section */

/* Begin PBXGroup section */
		8BB131905C2253758EA441E1 = {
			isa = PBXGroup;
			children = (
				C12048BF6C7AD7502B563F31 /* TaskOS */,
				1C6099C961EDDB8FF4157C75 /* Products */,
			);
			sourceTree = "<group>";
		};
		1C6099C961EDDB8FF4157C75 /* Products */ = {
			isa = PBXGroup;
			children = (
				1B1EA69011F505A227E5423D /* TaskOS.app */,
			);
			name = Products;
			sourceTree = "<group>";
		};
		C12048BF6C7AD7502B563F31 /* TaskOS */ = {
			isa = PBXGroup;
			children = (
				1505968319F5A57D86DEA533 /* TaskOSApp.swift */,
				00B60747EFE8412331D84F57 /* Models */,
				CD4641095B765EEA3AC81687 /* Views */,
				7BD4D4D34A5D1860D27BA84F /* Assets.xcassets */,
			);
			path = TaskOS;
			sourceTree = "<group>";
		};
		00B60747EFE8412331D84F57 /* Models */ = {
			isa = PBXGroup;
			children = (
				8CF56E4A4C72020ADEB1157B /* TaskList.swift */,
				7B9ECAE9439F696A0DC7EB93 /* TaskItem.swift */,
			);
			path = Models;
			sourceTree = "<group>";
		};
		CD4641095B765EEA3AC81687 /* Views */ = {
			isa = PBXGroup;
			children = (
				0A97951B591DBE91F7BF0CD3 /* SidebarItem.swift */,
				525415B7B8DA34A696A48D63 /* ListColor.swift */,
				E4578FE83070D6CE72AB2221 /* ContentView.swift */,
				9D22D39E5F858793F0CDC5B7 /* SidebarView.swift */,
				FC08147F485DEBE852D40631 /* ListEditSheet.swift */,
				4ED53807CC3D5FBAA6C6FE4C /* TaskListView.swift */,
				08A7528CB4A651B087138D0E /* TaskRowView.swift */,
				AAE4A7C8BCFDD4AD868906C3 /* TaskEditSheet.swift */,
			);
			path = Views;
			sourceTree = "<group>";
		};
/* End PBXGroup section */

/* Begin PBXNativeTarget section */
		116608AAF1AEA40357E2D15B /* TaskOS */ = {
			isa = PBXNativeTarget;
			buildConfigurationList = 53304B44C6489D7744385B6B /* Build configuration list for PBXNativeTarget "TaskOS" */;
			buildPhases = (
				5C122D3D6AA36289BEA03076 /* Sources */,
				3761133BC518C0F622CCC6C9 /* Frameworks */,
				C05FBFCFBC251808F6650330 /* Resources */,
			);
			buildRules = (
			);
			dependencies = (
			);
			name = TaskOS;
			productName = TaskOS;
			productReference = 1B1EA69011F505A227E5423D /* TaskOS.app */;
			productType = "com.apple.product-type.application";
		};
/* End PBXNativeTarget section */

/* Begin PBXProject section */
		FA3C25FBF28C756E5C2205B1 /* Project object */ = {
			isa = PBXProject;
			attributes = {
				BuildIndependentTargetsInParallel = 1;
				LastSwiftUpdateCheck = 1520;
				LastUpgradeCheck = 1520;
				TargetAttributes = {
					116608AAF1AEA40357E2D15B = {
						CreatedOnToolsVersion = 15.2;
					};
				};
			};
			buildConfigurationList = CD275DA69C690383740E2F74 /* Build configuration list for PBXProject "TaskOS" */;
			compatibilityVersion = "Xcode 14.0";
			developmentRegion = en;
			hasScannedForEncodings = 0;
			knownRegions = (
				en,
				Base,
			);
			mainGroup = 8BB131905C2253758EA441E1;
			productRefGroup = 1C6099C961EDDB8FF4157C75 /* Products */;
			projectDirPath = "";
			projectRoot = "";
			targets = (
				116608AAF1AEA40357E2D15B /* TaskOS */,
			);
		};
/* End PBXProject section */

/* Begin PBXResourcesBuildPhase section */
		C05FBFCFBC251808F6650330 /* Resources */ = {
			isa = PBXResourcesBuildPhase;
			buildActionMask = 2147483647;
			files = (
				7DFBAFF956D40121E8A52E9E /* Assets.xcassets in Resources */,
			);
			runOnlyForDeploymentPostprocessing = 0;
		};
/* End PBXResourcesBuildPhase section */

/* Begin PBXSourcesBuildPhase section */
		5C122D3D6AA36289BEA03076 /* Sources */ = {
			isa = PBXSourcesBuildPhase;
			buildActionMask = 2147483647;
			files = (
				779BE5042254D40C2F5807FF /* TaskOSApp.swift in Sources */,
				13433CB416A3DDA9659C4DE7 /* TaskList.swift in Sources */,
				E859F723477CE22E76DDE7AD /* TaskItem.swift in Sources */,
				723B44E2B0F5CBA3625329BC /* SidebarItem.swift in Sources */,
				FA7E75382CCF2382A1042F43 /* ListColor.swift in Sources */,
				67BC55B2FAD8CDCEA43BD9B9 /* ContentView.swift in Sources */,
				A2F91B8A54FBF3DCA916BBB0 /* SidebarView.swift in Sources */,
				54B098014C48F35D1ED74DC8 /* ListEditSheet.swift in Sources */,
				23D7386023AC45CB66D0F4C4 /* TaskListView.swift in Sources */,
				A321C284D0378CDC82E2F6CA /* TaskRowView.swift in Sources */,
				D9E737F60621DB599BF03F67 /* TaskEditSheet.swift in Sources */,
			);
			runOnlyForDeploymentPostprocessing = 0;
		};
/* End PBXSourcesBuildPhase section */

/* Begin XCBuildConfiguration section */
		22551EB81707E6F10E11E027 /* Debug */ = {
			isa = XCBuildConfiguration;
			buildSettings = {
				ALWAYS_SEARCH_USER_PATHS = NO;
				CLANG_ANALYZER_NONNULL = YES;
				CLANG_ANALYZER_NUMBER_OBJECT_CONVERSION = YES_AGGRESSIVE;
				CLANG_CXX_LANGUAGE_STANDARD = "gnu++20";
				CLANG_ENABLE_MODULES = YES;
				CLANG_ENABLE_OBJC_ARC = YES;
				CLANG_ENABLE_OBJC_WEAK = YES;
				CLANG_WARN_BLOCK_CAPTURE_AUTORELEASING = YES;
				CLANG_WARN_BOOL_CONVERSION = YES;
				CLANG_WARN_COMMA = YES;
				CLANG_WARN_CONSTANT_CONVERSION = YES;
				CLANG_WARN_DEPRECATED_OBJC_IMPLEMENTATIONS = YES;
				CLANG_WARN_DIRECT_OBJC_ISA_USAGE = YES_ERROR;
				CLANG_WARN_DOCUMENTATION_COMMENTS = YES;
				CLANG_WARN_EMPTY_BODY = YES;
				CLANG_WARN_ENUM_CONVERSION = YES;
				CLANG_WARN_INFINITE_RECURSION = YES;
				CLANG_WARN_INT_CONVERSION = YES;
				CLANG_WARN_NON_LITERAL_NULL_CONVERSION = YES;
				CLANG_WARN_OBJC_IMPLICIT_RETAIN_SELF = YES;
				CLANG_WARN_OBJC_LITERAL_CONVERSION = YES;
				CLANG_WARN_OBJC_ROOT_CLASS = YES_ERROR;
				CLANG_WARN_QUOTED_INCLUDE_IN_FRAMEWORK_HEADER = YES;
				CLANG_WARN_RANGE_LOOP_ANALYSIS = YES;
				CLANG_WARN_STRICT_PROTOTYPES = YES;
				CLANG_WARN_SUSPICIOUS_MOVE = YES;
				CLANG_WARN_UNGUARDED_AVAILABILITY = YES_AGGRESSIVE;
				CLANG_WARN_UNREACHABLE_CODE = YES;
				CLANG_WARN__DUPLICATE_METHOD_MATCH = YES;
				COPY_PHASE_STRIP = NO;
				DEBUG_INFORMATION_FORMAT = dwarf;
				ENABLE_STRICT_OBJC_MSGSEND = YES;
				ENABLE_TESTABILITY = YES;
				ENABLE_USER_SCRIPT_SANDBOXING = YES;
				GCC_C_LANGUAGE_STANDARD = gnu17;
				GCC_DYNAMIC_NO_PIC = NO;
				GCC_NO_COMMON_BLOCKS = YES;
				GCC_OPTIMIZATION_LEVEL = 0;
				GCC_PREPROCESSOR_DEFINITIONS = (
					"DEBUG=1",
					"$(inherited)",
				);
				GCC_WARN_64_TO_32_BIT_CONVERSION = YES;
				GCC_WARN_ABOUT_RETURN_TYPE = YES_ERROR;
				GCC_WARN_UNDECLARED_SELECTOR = YES;
				GCC_WARN_UNINITIALIZED_AUTOS = YES_AGGRESSIVE;
				GCC_WARN_UNUSED_FUNCTION = YES;
				GCC_WARN_UNUSED_VARIABLE = YES;
				IPHONEOS_DEPLOYMENT_TARGET = 17.0;
				MTL_ENABLE_DEBUG_INFO = INCLUDE_SOURCE;
				MTL_FAST_MATH = YES;
				ONLY_ACTIVE_ARCH = YES;
				SDKROOT = iphoneos;
				SWIFT_ACTIVE_COMPILATION_CONDITIONS = DEBUG;
				SWIFT_OPTIMIZATION_LEVEL = "-Onone";
			};
			name = Debug;
		};
		3392286F94EF537DE9F32AAB /* Release */ = {
			isa = XCBuildConfiguration;
			buildSettings = {
				ALWAYS_SEARCH_USER_PATHS = NO;
				CLANG_ANALYZER_NONNULL = YES;
				CLANG_ANALYZER_NUMBER_OBJECT_CONVERSION = YES_AGGRESSIVE;
				CLANG_CXX_LANGUAGE_STANDARD = "gnu++20";
				CLANG_ENABLE_MODULES = YES;
				CLANG_ENABLE_OBJC_ARC = YES;
				CLANG_ENABLE_OBJC_WEAK = YES;
				CLANG_WARN_BLOCK_CAPTURE_AUTORELEASING = YES;
				CLANG_WARN_BOOL_CONVERSION = YES;
				CLANG_WARN_COMMA = YES;
				CLANG_WARN_CONSTANT_CONVERSION = YES;
				CLANG_WARN_DEPRECATED_OBJC_IMPLEMENTATIONS = YES;
				CLANG_WARN_DIRECT_OBJC_ISA_USAGE = YES_ERROR;
				CLANG_WARN_DOCUMENTATION_COMMENTS = YES;
				CLANG_WARN_EMPTY_BODY = YES;
				CLANG_WARN_ENUM_CONVERSION = YES;
				CLANG_WARN_INFINITE_RECURSION = YES;
				CLANG_WARN_INT_CONVERSION = YES;
				CLANG_WARN_NON_LITERAL_NULL_CONVERSION = YES;
				CLANG_WARN_OBJC_IMPLICIT_RETAIN_SELF = YES;
				CLANG_WARN_OBJC_LITERAL_CONVERSION = YES;
				CLANG_WARN_OBJC_ROOT_CLASS = YES_ERROR;
				CLANG_WARN_QUOTED_INCLUDE_IN_FRAMEWORK_HEADER = YES;
				CLANG_WARN_RANGE_LOOP_ANALYSIS = YES;
				CLANG_WARN_STRICT_PROTOTYPES = YES;
				CLANG_WARN_SUSPICIOUS_MOVE = YES;
				CLANG_WARN_UNGUARDED_AVAILABILITY = YES_AGGRESSIVE;
				CLANG_WARN_UNREACHABLE_CODE = YES;
				CLANG_WARN__DUPLICATE_METHOD_MATCH = YES;
				COPY_PHASE_STRIP = NO;
				DEBUG_INFORMATION_FORMAT = "dwarf-with-dsym";
				ENABLE_NS_ASSERTIONS = NO;
				ENABLE_STRICT_OBJC_MSGSEND = YES;
				ENABLE_USER_SCRIPT_SANDBOXING = YES;
				GCC_C_LANGUAGE_STANDARD = gnu17;
				GCC_NO_COMMON_BLOCKS = YES;
				GCC_WARN_64_TO_32_BIT_CONVERSION = YES;
				GCC_WARN_ABOUT_RETURN_TYPE = YES_ERROR;
				GCC_WARN_UNDECLARED_SELECTOR = YES;
				GCC_WARN_UNINITIALIZED_AUTOS = YES_AGGRESSIVE;
				GCC_WARN_UNUSED_FUNCTION = YES;
				GCC_WARN_UNUSED_VARIABLE = YES;
				IPHONEOS_DEPLOYMENT_TARGET = 17.0;
				MTL_ENABLE_DEBUG_INFO = NO;
				MTL_FAST_MATH = YES;
				SDKROOT = iphoneos;
				SWIFT_COMPILATION_MODE = wholemodule;
				VALIDATE_PRODUCT = YES;
			};
			name = Release;
		};
		CDE4E535FE7A78DAAB8BE5C7 /* Debug */ = {
			isa = XCBuildConfiguration;
			buildSettings = {
				ASSETCATALOG_COMPILER_APPICON_NAME = AppIcon;
				ASSETCATALOG_COMPILER_GLOBAL_ACCENT_COLOR_NAME = AccentColor;
				ASSETCATALOG_COMPILER_INCLUDE_ALL_APPICON_ASSETS = NO;
				CODE_SIGN_STYLE = Automatic;
				CURRENT_PROJECT_VERSION = 1;
				DEVELOPMENT_ASSET_PATHS = "";
				ENABLE_PREVIEWS = YES;
				GENERATE_INFOPLIST_FILE = YES;
				INFOPLIST_KEY_CFBundleDisplayName = TaskOS;
				INFOPLIST_KEY_UIApplicationSceneManifest_Generation = YES;
				INFOPLIST_KEY_UIApplicationSupportsIndirectInputEvents = YES;
				INFOPLIST_KEY_UILaunchScreen_Generation = YES;
				INFOPLIST_KEY_UIStatusBarStyle = UIStatusBarStyleDefault;
				INFOPLIST_KEY_UISupportedInterfaceOrientations~ipad = "UIInterfaceOrientationPortrait UIInterfaceOrientationPortraitUpsideDown UIInterfaceOrientationLandscapeLeft UIInterfaceOrientationLandscapeRight";
				LD_RUNPATH_SEARCH_PATHS = (
					"$(inherited)",
					"@executable_path/Frameworks",
				);
				MARKETING_VERSION = 1.0;
				PRODUCT_BUNDLE_IDENTIFIER = com.fracata00.TaskOS;
				PRODUCT_NAME = "$(TARGET_NAME)";
				SWIFT_EMIT_LOC_STRINGS = YES;
				SWIFT_VERSION = 5.0;
				TARGETED_DEVICE_FAMILY = 2;
			};
			name = Debug;
		};
		9875F236490A0C9961EA915C /* Release */ = {
			isa = XCBuildConfiguration;
			buildSettings = {
				ASSETCATALOG_COMPILER_APPICON_NAME = AppIcon;
				ASSETCATALOG_COMPILER_GLOBAL_ACCENT_COLOR_NAME = AccentColor;
				ASSETCATALOG_COMPILER_INCLUDE_ALL_APPICON_ASSETS = NO;
				CODE_SIGN_STYLE = Automatic;
				CURRENT_PROJECT_VERSION = 1;
				DEVELOPMENT_ASSET_PATHS = "";
				ENABLE_PREVIEWS = YES;
				GENERATE_INFOPLIST_FILE = YES;
				INFOPLIST_KEY_CFBundleDisplayName = TaskOS;
				INFOPLIST_KEY_UIApplicationSceneManifest_Generation = YES;
				INFOPLIST_KEY_UIApplicationSupportsIndirectInputEvents = YES;
				INFOPLIST_KEY_UILaunchScreen_Generation = YES;
				INFOPLIST_KEY_UIStatusBarStyle = UIStatusBarStyleDefault;
				INFOPLIST_KEY_UISupportedInterfaceOrientations~ipad = "UIInterfaceOrientationPortrait UIInterfaceOrientationPortraitUpsideDown UIInterfaceOrientationLandscapeLeft UIInterfaceOrientationLandscapeRight";
				LD_RUNPATH_SEARCH_PATHS = (
					"$(inherited)",
					"@executable_path/Frameworks",
				);
				MARKETING_VERSION = 1.0;
				PRODUCT_BUNDLE_IDENTIFIER = com.fracata00.TaskOS;
				PRODUCT_NAME = "$(TARGET_NAME)";
				SWIFT_EMIT_LOC_STRINGS = YES;
				SWIFT_VERSION = 5.0;
				TARGETED_DEVICE_FAMILY = 2;
			};
			name = Release;
		};
/* End XCBuildConfiguration section */

/* Begin XCConfigurationList section */
		CD275DA69C690383740E2F74 /* Build configuration list for PBXProject "TaskOS" */ = {
			isa = XCConfigurationList;
			buildConfigurations = (
				22551EB81707E6F10E11E027 /* Debug */,
				3392286F94EF537DE9F32AAB /* Release */,
			);
			defaultConfigurationIsVisible = 0;
			defaultConfigurationName = Release;
		};
		53304B44C6489D7744385B6B /* Build configuration list for PBXNativeTarget "TaskOS" */ = {
			isa = XCConfigurationList;
			buildConfigurations = (
				CDE4E535FE7A78DAAB8BE5C7 /* Debug */,
				9875F236490A0C9961EA915C /* Release */,
			);
			defaultConfigurationIsVisible = 0;
			defaultConfigurationName = Release;
		};
/* End XCConfigurationList section */

	};
	rootObject = FA3C25FBF28C756E5C2205B1 /* Project object */;
}
